// !$*UTF8*$!
{
	archiveVersion = 1;
	classes = {
	};
	objectVersion = 46;
	objects = {

/* Begin PBXBuildFile section */
		A773B16F194AD9F100802F46 /* GravityViewController.m in Sources */ = {isa = PBXBuildFile; fileRef = A773B16D194AD9F100802F46 /* GravityViewController.m */; };
		A773B170194AD9F100802F46 /* GravityViewController.xib in Resources */ = {isa = PBXBuildFile; fileRef = A773B16E194AD9F100802F46 /* GravityViewController.xib */; };
		A773B174194ADB2400802F46 /* CollisionViewController.m in Sources */ = {isa = PBXBuildFile; fileRef = A773B172194ADB2400802F46 /* CollisionViewController.m */; };
		A773B175194ADB2400802F46 /* CollisionViewController.xib in Resources */ = {isa = PBXBuildFile; fileRef = A773B173194ADB2400802F46 /* CollisionViewController.xib */; };
		A773B179194ADB3900802F46 /* AttachmentViewController.m in Sources */ = {isa = PBXBuildFile; fileRef = A773B177194ADB3900802F46 /* AttachmentViewController.m */; };
		A773B17A194ADB3900802F46 /* AttachmentViewController.xib in Resources */ = {isa = PBXBuildFile; fileRef = A773B178194ADB3900802F46 /* AttachmentViewController.xib */; };
		A773B17E194ADB4600802F46 /* PushViewController.m in Sources */ = {isa = PBXBuildFile; fileRef = A773B17C194ADB4600802F46 /* PushViewController.m */; };
		A773B17F194ADB4600802F46 /* PushViewController.xib in Resources */ = {isa = PBXBuildFile; fileRef = A773B17D194ADB4600802F46 /* PushViewController.xib */; };
		A773B184194AE8C800802F46 /* UIView+Category.m in Sources */ = {isa = PBXBuildFile; fileRef = A773B183194AE8C800802F46 /* UIView+Category.m */; };
		A7AEDB3C18583EBA0087FD84 /* SnapViewController.m in Sources */ = {isa = PBXBuildFile; fileRef = A7AEDB3A18583EBA0087FD84 /* SnapViewController.m */; };
		A7AEDB3D18583EBA0087FD84 /* SnapViewController.xib in Resources */ = {isa = PBXBuildFile; fileRef = A7AEDB3B18583EBA0087FD84 /* SnapViewController.xib */; };
		A7B1BA3B185610A300684D17 /* Foundation.framework in Frameworks */ = {isa = PBXBuildFile; fileRef = A7B1BA3A185610A300684D17 /* Foundation.framework */; };
		A7B1BA3D185610A300684D17 /* CoreGraphics.framework in Frameworks */ = {isa = PBXBuildFile; fileRef = A7B1BA3C185610A300684D17 /* CoreGraphics.framework */; };
		A7B1BA3F185610A300684D17 /* UIKit.framework in Frameworks */ = {isa = PBXBuildFile; fileRef = A7B1BA3E185610A300684D17 /* UIKit.framework */; };
		A7B1BA45185610A300684D17 /* InfoPlist.strings in Resources */ = {isa = PBXBuildFile; fileRef = A7B1BA43185610A300684D17 /* InfoPlist.strings */; };
		A7B1BA47185610A300684D17 /* main.m in Sources */ = {isa = PBXBuildFile; fileRef = A7B1BA46185610A300684D17 /* main.m */; };
		A7B1BA4B185610A300684D17 /* AppDelegate.m in Sources */ = {isa = PBXBuildFile; fileRef = A7B1BA4A185610A300684D17 /* AppDelegate.m */; };
		A7B1BA4E185610A300684D17 /* Main_iPhone.storyboard in Resources */ = {isa = PBXBuildFile; fileRef = A7B1BA4C185610A300684D17 /* Main_iPhone.storyboard */; };
		A7B1BA51185610A300684D17 /* Main_iPad.storyboard in Resources */ = {isa = PBXBuildFile; fileRef = A7B1BA4F185610A300684D17 /* Main_iPad.storyboard */; };
		A7B1BA54185610A300684D17 /* MasterViewController.m in Sources */ = {isa = PBXBuildFile; fileRef = A7B1BA53185610A300684D17 /* MasterViewController.m */; };
		A7B1BA57185610A300684D17 /* DetailViewController.m in Sources */ = {isa = PBXBuildFile; fileRef = A7B1BA56185610A300684D17 /* DetailViewController.m */; };
		A7B1BA59185610A300684D17 /* Images.xcassets in Resources */ = {isa = PBXBuildFile; fileRef = A7B1BA58185610A300684D17 /* Images.xcassets */; };
		A7B1BA60185610A300684D17 /* XCTest.framework in Frameworks */ = {isa = PBXBuildFile; fileRef = A7B1BA5F185610A300684D17 /* XCTest.framework */; };
		A7B1BA61185610A300684D17 /* Foundation.framework in Frameworks */ = {isa = PBXBuildFile; fileRef = A7B1BA3A185610A300684D17 /* Foundation.framework */; };
		A7B1BA62185610A300684D17 /* UIKit.framework in Frameworks */ = {isa = PBXBuildFile; fileRef = A7B1BA3E185610A300684D17 /* UIKit.framework */; };
		A7B1BA6A185610A300684D17 /* InfoPlist.strings in Resources */ = {isa = PBXBuildFile; fileRef = A7B1BA68185610A300684D17 /* InfoPlist.strings */; };
		A7B1BA6C185610A300684D17 /* UIDynamics_DemoTests.m in Sources */ = {isa = PBXBuildFile; fileRef = A7B1BA6B185610A300684D17 /* UIDynamics_DemoTests.m */; };
/* End PBXBuildFile section */

/* Begin PBXContainerItemProxy section */
		A7B1BA63185610A300684D17 /* PBXContainerItemProxy */ = {
			isa = PBXContainerItemProxy;
			containerPortal = A7B1BA2F185610A300684D17 /* Project object */;
			proxyType = 1;
			remoteGlobalIDString = A7B1BA36185610A300684D17;
			remoteInfo = "UIDynamics Demo";
		};
/* End PBXContainerItemProxy section */

/* Begin PBXFileReference section */
		A773B16C194AD9F100802F46 /* GravityViewController.h */ = {isa = PBXFileReference; fileEncoding = 4; lastKnownFileType = sourcecode.c.h; path = GravityViewController.h; sourceTree = "<group>"; };
		A773B16D194AD9F100802F46 /* GravityViewController.m */ = {isa = PBXFileReference; fileEncoding = 4; lastKnownFileType = sourcecode.c.objc; path = GravityViewController.m; sourceTree = "<group>"; };
		A773B16E194AD9F100802F46 /* GravityViewController.xib */ = {isa = PBXFileReference; fileEncoding = 4; lastKnownFileType = file.xib; path = GravityViewController.xib; sourceTree = "<group>"; };
		A773B171194ADB2400802F46 /* CollisionViewController.h */ = {isa = PBXFileReference; fileEncoding = 4; lastKnownFileType = sourcecode.c.h; path = CollisionViewController.h; sourceTree = "<group>"; };
		A773B172194ADB2400802F46 /* CollisionViewController.m */ = {isa = PBXFileReference; fileEncoding = 4; lastKnownFileType = sourcecode.c.objc; path = CollisionViewController.m; sourceTree = "<group>"; };
		A773B173194ADB2400802F46 /* CollisionViewController.xib */ = {isa = PBXFileReference; fileEncoding = 4; lastKnownFileType = file.xib; path = CollisionViewController.xib; sourceTree = "<group>"; };
		A773B176194ADB3900802F46 /* AttachmentViewController.h */ = {isa = PBXFileReference; fileEncoding = 4; lastKnownFileType = sourcecode.c.h; path = AttachmentViewController.h; sourceTree = "<group>"; };
		A773B177194ADB3900802F46 /* AttachmentViewController.m */ = {isa = PBXFileReference; fileEncoding = 4; lastKnownFileType = sourcecode.c.objc; path = AttachmentViewController.m; sourceTree = "<group>"; };
		A773B178194ADB3900802F46 /* AttachmentViewController.xib */ = {isa = PBXFileReference; fileEncoding = 4; lastKnownFileType = file.xib; path = AttachmentViewController.xib; sourceTree = "<group>"; };
		A773B17B194ADB4600802F46 /* PushViewController.h */ = {isa = PBXFileReference; fileEncoding = 4; lastKnownFileType = sourcecode.c.h; path = PushViewController.h; sourceTree = "<group>"; };
		A773B17C194ADB4600802F46 /* PushViewController.m */ = {isa = PBXFileReference; fileEncoding = 4; lastKnownFileType = sourcecode.c.objc; path = PushViewController.m; sourceTree = "<group>"; };
		A773B17D194ADB4600802F46 /* PushViewController.xib */ = {isa = PBXFileReference; fileEncoding = 4; lastKnownFileType = file.xib; path = PushViewController.xib; sourceTree = "<group>"; };
		A773B182194AE8C800802F46 /* UIView+Category.h */ = {isa = PBXFileReference; fileEncoding = 4; lastKnownFileType = sourcecode.c.h; path = "UIView+Category.h"; sourceTree = "<group>"; };
		A773B183194AE8C800802F46 /* UIView+Category.m */ = {isa = PBXFileReference; fileEncoding = 4; lastKnownFileType = sourcecode.c.objc; path = "UIView+Category.m"; sourceTree = "<group>"; };
		A7AEDB3918583EBA0087FD84 /* SnapViewController.h */ = {isa = PBXFileReference; fileEncoding = 4; lastKnownFileType = sourcecode.c.h; path = SnapViewController.h; sourceTree = "<group>"; };
		A7AEDB3A18583EBA0087FD84 /* SnapViewController.m */ = {isa = PBXFileReference; fileEncoding = 4; lastKnownFileType = sourcecode.c.objc; path = SnapViewController.m; sourceTree = "<group>"; };
		A7AEDB3B18583EBA0087FD84 /* SnapViewController.xib */ = {isa = PBXFileReference; fileEncoding = 4; lastKnownFileType = file.xib; path = SnapViewController.xib; sourceTree = "<group>"; };
		A7B1BA37185610A300684D17 /* UIDynamics Demo.app */ = {isa = PBXFileReference; explicitFileType = wrapper.application; includeInIndex = 0; path = "UIDynamics Demo.app"; sourceTree = BUILT_PRODUCTS_DIR; };
		A7B1BA3A185610A300684D17 /* Foundation.framework */ = {isa = PBXFileReference; lastKnownFileType = wrapper.framework; name = Foundation.framework; path = System/Library/Frameworks/Foundation.framework; sourceTree = SDKROOT; };
		A7B1BA3C185610A300684D17 /* CoreGraphics.framework */ = {isa = PBXFileReference; lastKnownFileType = wrapper.framework; name = CoreGraphics.framework; path = System/Library/Frameworks/CoreGraphics.framework; sourceTree = SDKROOT; };
		A7B1BA3E185610A300684D17 /* UIKit.framework */ = {isa = PBXFileReference; lastKnownFileType = wrapper.framework; name = UIKit.framework; path = System/Library/Frameworks/UIKit.framework; sourceTree = SDKROOT; };
		A7B1BA42185610A300684D17 /* UIDynamics Demo-Info.plist */ = {isa = PBXFileReference; lastKnownFileType = text.plist.xml; path = "UIDynamics Demo-Info.plist"; sourceTree = "<group>"; };
		A7B1BA44185610A300684D17 /* en */ = {isa = PBXFileReference; lastKnownFileType = text.plist.strings; name = en; path = en.lproj/InfoPlist.strings; sourceTree = "<group>"; };
		A7B1BA46185610A300684D17 /* main.m */ = {isa = PBXFileReference; lastKnownFileType = sourcecode.c.objc; path = main.m; sourceTree = "<group>"; };
		A7B1BA48185610A300684D17 /* UIDynamics Demo-Prefix.pch */ = {isa = PBXFileReference; lastKnownFileType = sourcecode.c.h; path = "UIDynamics Demo-Prefix.pch"; sourceTree = "<group>"; };
		A7B1BA49185610A300684D17 /* AppDelegate.h */ = {isa = PBXFileReference; lastKnownFileType = sourcecode.c.h; path = AppDelegate.h; sourceTree = "<group>"; };
		A7B1BA4A185610A300684D17 /* AppDelegate.m */ = {isa = PBXFileReference; lastKnownFileType = sourcecode.c.objc; path = AppDelegate.m; sourceTree = "<group>"; };
		A7B1BA4D185610A300684D17 /* Base */ = {isa = PBXFileReference; lastKnownFileType = file.storyboard; name = Base; path = Base.lproj/Main_iPhone.storyboard; sourceTree = "<group>"; };
		A7B1BA50185610A300684D17 /* Base */ = {isa = PBXFileReference; lastKnownFileType = file.storyboard; name = Base; path = Base.lproj/Main_iPad.storyboard; sourceTree = "<group>"; };
		A7B1BA52185610A300684D17 /* MasterViewController.h */ = {isa = PBXFileReference; lastKnownFileType = sourcecode.c.h; path = MasterViewController.h; sourceTree = "<group>"; };
		A7B1BA53185610A300684D17 /* MasterViewController.m */ = {isa = PBXFileReference; lastKnownFileType = sourcecode.c.objc; path = MasterViewController.m; sourceTree = "<group>"; };
		A7B1BA55185610A300684D17 /* DetailViewController.h */ = {isa = PBXFileReference; lastKnownFileType = sourcecode.c.h; path = DetailViewController.h; sourceTree = "<group>"; };
		A7B1BA56185610A300684D17 /* DetailViewController.m */ = {isa = PBXFileReference; lastKnownFileType = sourcecode.c.objc; path = DetailViewController.m; sourceTree = "<group>"; };
		A7B1BA58185610A300684D17 /* Images.xcassets */ = {isa = PBXFileReference; lastKnownFileType = folder.assetcatalog; path = Images.xcassets; sourceTree = "<group>"; };
		A7B1BA5E185610A300684D17 /* UIDynamics DemoTests.xctest */ = {isa = PBXFileReference; explicitFileType = wrapper.cfbundle; includeInIndex = 0; path = "UIDynamics DemoTests.xctest"; sourceTree = BUILT_PRODUCTS_DIR; };
		A7B1BA5F185610A300684D17 /* XCTest.framework */ = {isa = PBXFileReference; lastKnownFileType = wrapper.framework; name = XCTest.framework; path = Library/Frameworks/XCTest.framework; sourceTree = DEVELOPER_DIR; };
		A7B1BA67185610A300684D17 /* UIDynamics DemoTests-Info.plist */ = {isa = PBXFileReference; lastKnownFileType = text.plist.xml; path = "UIDynamics DemoTests-Info.plist"; sourceTree = "<group>"; };
		A7B1BA69185610A300684D17 /* en */ = {isa = PBXFileReference; lastKnownFileType = text.plist.strings; name = en; path = en.lproj/InfoPlist.strings; sourceTree = "<group>"; };
		A7B1BA6B185610A300684D17 /* UIDynamics_DemoTests.m */ = {isa = PBXFileReference; lastKnownFileType = sourcecode.c.objc; path = UIDynamics_DemoTests.m; sourceTree = "<group>"; };
/* End PBXFileReference section */

/* Begin PBXFrameworksBuildPhase section */
		A7B1BA34185610A300684D17 /* Frameworks */ = {
			isa = PBXFrameworksBuildPhase;
			buildActionMask = 2147483647;
			files = (
				A7B1BA3D185610A300684D17 /* CoreGraphics.framework in Frameworks */,
				A7B1BA3F185610A300684D17 /* UIKit.framework in Frameworks */,
				A7B1BA3B185610A300684D17 /* Foundation.framework in Frameworks */,
			);
			runOnlyForDeploymentPostprocessing = 0;
		};
		A7B1BA5B185610A300684D17 /* Frameworks */ = {
			isa = PBXFrameworksBuildPhase;
			buildActionMask = 2147483647;
			files = (
				A7B1BA60185610A300684D17 /* XCTest.framework in Frameworks */,
				A7B1BA62185610A300684D17 /* UIKit.framework in Frameworks */,
				A7B1BA61185610A300684D17 /* Foundation.framework in Frameworks */,
			);
			runOnlyForDeploymentPostprocessing = 0;
		};
/* End PBXFrameworksBuildPhase section */

/* Begin PBXGroup section */
		A7B1BA2E185610A300684D17 = {
			isa = PBXGroup;
			children = (
				A7B1BA40185610A300684D17 /* UIDynamics Demo */,
				A7B1BA65185610A300684D17 /* UIDynamics DemoTests */,
				A7B1BA39185610A300684D17 /* Frameworks */,
				A7B1BA38185610A300684D17 /* Products */,
			);
			sourceTree = "<group>";
		};
		A7B1BA38185610A300684D17 /* Products */ = {
			isa = PBXGroup;
			children = (
				A7B1BA37185610A300684D17 /* UIDynamics Demo.app */,
				A7B1BA5E185610A300684D17 /* UIDynamics DemoTests.xctest */,
			);
			name = Products;
			sourceTree = "<group>";
		};
		A7B1BA39185610A300684D17 /* Frameworks */ = {
			isa = PBXGroup;
			children = (
				A7B1BA3A185610A300684D17 /* Foundation.framework */,
				A7B1BA3C185610A300684D17 /* CoreGraphics.framework */,
				A7B1BA3E185610A300684D17 /* UIKit.framework */,
				A7B1BA5F185610A300684D17 /* XCTest.framework */,
			);
			name = Frameworks;
			sourceTree = "<group>";
		};
		A7B1BA40185610A300684D17 /* UIDynamics Demo */ = {
			isa = PBXGroup;
			children = (
				A7B1BA49185610A300684D17 /* AppDelegate.h */,
				A7B1BA4A185610A300684D17 /* AppDelegate.m */,
				A7B1BA4C185610A300684D17 /* Main_iPhone.storyboard */,
				A7B1BA4F185610A300684D17 /* Main_iPad.storyboard */,
				A7B1BA52185610A300684D17 /* MasterViewController.h */,
				A7B1BA53185610A300684D17 /* MasterViewController.m */,
				A773B16C194AD9F100802F46 /* GravityViewController.h */,
				A773B16D194AD9F100802F46 /* GravityViewController.m */,
				A773B16E194AD9F100802F46 /* GravityViewController.xib */,
				A773B171194ADB2400802F46 /* CollisionViewController.h */,
				A773B172194ADB2400802F46 /* CollisionViewController.m */,
				A773B173194ADB2400802F46 /* CollisionViewController.xib */,
				A773B176194ADB3900802F46 /* AttachmentViewController.h */,
				A773B177194ADB3900802F46 /* AttachmentViewController.m */,
				A773B178194ADB3900802F46 /* AttachmentViewController.xib */,
				A773B17B194ADB4600802F46 /* PushViewController.h */,
				A773B17C194ADB4600802F46 /* PushViewController.m */,
				A773B17D194ADB4600802F46 /* PushViewController.xib */,
				A7AEDB3918583EBA0087FD84 /* SnapViewController.h */,
				A7AEDB3A18583EBA0087FD84 /* SnapViewController.m */,
				A7AEDB3B18583EBA0087FD84 /* SnapViewController.xib */,
				A7B1BA55185610A300684D17 /* DetailViewController.h */,
				A7B1BA56185610A300684D17 /* DetailViewController.m */,
				A773B182194AE8C800802F46 /* UIView+Category.h */,
				A773B183194AE8C800802F46 /* UIView+Category.m */,
				A7B1BA58185610A300684D17 /* Images.xcassets */,
				A7B1BA41185610A300684D17 /* Supporting Files */,
			);
			path = "UIDynamics Demo";
			sourceTree = "<group>";
		};
		A7B1BA41185610A300684D17 /* Supporting Files */ = {
			isa = PBXGroup;
			children = (
				A7B1BA42185610A300684D17 /* UIDynamics Demo-Info.plist */,
				A7B1BA43185610A300684D17 /* InfoPlist.strings */,
				A7B1BA46185610A300684D17 /* main.m */,
				A7B1BA48185610A300684D17 /* UIDynamics Demo-Prefix.pch */,
			);
			name = "Supporting Files";
			sourceTree = "<group>";
		};
		A7B1BA65185610A300684D17 /* UIDynamics DemoTests */ = {
			isa = PBXGroup;
			children = (
				A7B1BA6B185610A300684D17 /* UIDynamics_DemoTests.m */,
				A7B1BA66185610A300684D17 /* Supporting Files */,
			);
			path = "UIDynamics DemoTests";
			sourceTree = "<group>";
		};
		A7B1BA66185610A300684D17 /* Supporting Files */ = {
			isa = PBXGroup;
			children = (
				A7B1BA67185610A300684D17 /* UIDynamics DemoTests-Info.plist */,
				A7B1BA68185610A300684D17 /* InfoPlist.strings */,
			);
			name = "Supporting Files";
			sourceTree = "<group>";
		};
/* End PBXGroup section */

/* Begin PBXNativeTarget section */
		A7B1BA36185610A300684D17 /* UIDynamics Demo */ = {
			isa = PBXNativeTarget;
			buildConfigurationList = A7B1BA6F185610A300684D17 /* Build configuration list for PBXNativeTarget "UIDynamics Demo" */;
			buildPhases = (
				A7B1BA33185610A300684D17 /* Sources */,
				A7B1BA34185610A300684D17 /* Frameworks */,
				A7B1BA35185610A300684D17 /* Resources */,
			);
			buildRules = (
			);
			dependencies = (
			);
			name = "UIDynamics Demo";
			productName = "UIDynamics Demo";
			productReference = A7B1BA37185610A300684D17 /* UIDynamics Demo.app */;
			productType = "com.apple.product-type.application";
		};
		A7B1BA5D185610A300684D17 /* UIDynamics DemoTests */ = {
			isa = PBXNativeTarget;
			buildConfigurationList = A7B1BA72185610A400684D17 /* Build configuration list for PBXNativeTarget "UIDynamics DemoTests" */;
			buildPhases = (
				A7B1BA5A185610A300684D17 /* Sources */,
				A7B1BA5B185610A300684D17 /* Frameworks */,
				A7B1BA5C185610A300684D17 /* Resources */,
			);
			buildRules = (
			);
			dependencies = (
				A7B1BA64185610A300684D17 /* PBXTargetDependency */,
			);
			name = "UIDynamics DemoTests";
			productName = "UIDynamics DemoTests";
			productReference = A7B1BA5E185610A300684D17 /* UIDynamics DemoTests.xctest */;
			productType = "com.apple.product-type.bundle.unit-test";
		};
/* End PBXNativeTarget section */

/* Begin PBXProject section */
		A7B1BA2F185610A300684D17 /* Project object */ = {
			isa = PBXProject;
			attributes = {
				LastUpgradeCheck = 0500;
				ORGANIZATIONNAME = "Global Logic";
				TargetAttributes = {
					A7B1BA5D185610A300684D17 = {
						TestTargetID = A7B1BA36185610A300684D17;
					};
				};
			};
			buildConfigurationList = A7B1BA32185610A300684D17 /* Build configuration list for PBXProject "UIDynamics Demo" */;
			compatibilityVersion = "Xcode 3.2";
			developmentRegion = English;
			hasScannedForEncodings = 0;
			knownRegions = (
				en,
				Base,
			);
			mainGroup = A7B1BA2E185610A300684D17;
			productRefGroup = A7B1BA38185610A300684D17 /* Products */;
			projectDirPath = "";
			projectRoot = "";
			targets = (
				A7B1BA36185610A300684D17 /* UIDynamics Demo */,
				A7B1BA5D185610A300684D17 /* UIDynamics DemoTests */,
			);
		};
/* End PBXProject section */

/* Begin PBXResourcesBuildPhase section */
		A7B1BA35185610A300684D17 /* Resources */ = {
			isa = PBXResourcesBuildPhase;
			buildActionMask = 2147483647;
			files = (
				A7B1BA51185610A300684D17 /* Main_iPad.storyboard in Resources */,
				A773B170194AD9F100802F46 /* GravityViewController.xib in Resources */,
				A7AEDB3D18583EBA0087FD84 /* SnapViewController.xib in Resources */,
				A7B1BA59185610A300684D17 /* Images.xcassets in Resources */,
				A773B175194ADB2400802F46 /* CollisionViewController.xib in Resources */,
				A773B17A194ADB3900802F46 /* AttachmentViewController.xib in Resources */,
				A7B1BA4E185610A300684D17 /* Main_iPhone.storyboard in Resources */,
				A773B17F194ADB4600802F46 /* PushViewController.xib in Resources */,
				A7B1BA45185610A300684D17 /* InfoPlist.strings in Resources */,
			);
			runOnlyForDeploymentPostprocessing = 0;
		};
		A7B1BA5C185610A300684D17 /* Resources */ = {
			isa = PBXResourcesBuildPhase;
			buildActionMask = 2147483647;
			files = (
				A7B1BA6A185610A300684D17 /* InfoPlist.strings in Resources */,
			);
			runOnlyForDeploymentPostprocessing = 0;
		};
/* End PBXResourcesBuildPhase section */

/* Begin PBXSourcesBuildPhase section */
		A7B1BA33185610A300684D17 /* Sources */ = {
			isa = PBXSourcesBuildPhase;
			buildActionMask = 2147483647;
			files = (
				A7B1BA4B185610A300684D17 /* AppDelegate.m in Sources */,
				A7B1BA54185610A300684D17 /* MasterViewController.m in Sources */,
				A773B17E194ADB4600802F46 /* PushViewController.m in Sources */,
				A7B1BA47185610A300684D17 /* main.m in Sources */,
				A7B1BA57185610A300684D17 /* DetailViewController.m in Sources */,
				A7AEDB3C18583EBA0087FD84 /* SnapViewController.m in Sources */,
				A773B179194ADB3900802F46 /* AttachmentViewController.m in Sources */,
				A773B174194ADB2400802F46 /* CollisionViewController.m in Sources */,
				A773B184194AE8C800802F46 /* UIView+Category.m in Sources */,
				A773B16F194AD9F100802F46 /* GravityViewController.m in Sources */,
			);
			runOnlyForDeploymentPostprocessing = 0;
		};
		A7B1BA5A185610A300684D17 /* Sources */ = {
			isa = PBXSourcesBuildPhase;
			buildActionMask = 2147483647;
			files = (
				A7B1BA6C185610A300684D17 /* UIDynamics_DemoTests.m in Sources */,
			);
			runOnlyForDeploymentPostprocessing = 0;
		};
/* End PBXSourcesBuildPhase section */

/* Begin PBXTargetDependency section */
		A7B1BA64185610A300684D17 /* PBXTargetDependency */ = {
			isa = PBXTargetDependency;
			target = A7B1BA36185610A300684D17 /* UIDynamics Demo */;
			targetProxy = A7B1BA63185610A300684D17 /* PBXContainerItemProxy */;
		};
/* End PBXTargetDependency section */

/* Begin PBXVariantGroup section */
		A7B1BA43185610A300684D17 /* InfoPlist.strings */ = {
			isa = PBXVariantGroup;
			children = (
				A7B1BA44185610A300684D17 /* en */,
			);
			name = InfoPlist.strings;
			sourceTree = "<group>";
		};
		A7B1BA4C185610A300684D17 /* Main_iPhone.storyboard */ = {
			isa = PBXVariantGroup;
			children = (
				A7B1BA4D185610A300684D17 /* Base */,
			);
			name = Main_iPhone.storyboard;
			sourceTree = "<group>";
		};
		A7B1BA4F185610A300684D17 /* Main_iPad.storyboard */ = {
			isa = PBXVariantGroup;
			children = (
				A7B1BA50185610A300684D17 /* Base */,
			);
			name = Main_iPad.storyboard;
			sourceTree = "<group>";
		};
		A7B1BA68185610A300684D17 /* InfoPlist.strings */ = {
			isa = PBXVariantGroup;
			children = (
				A7B1BA69185610A300684D17 /* en */,
			);
			name = InfoPlist.strings;
			sourceTree = "<group>";
		};
/* End PBXVariantGroup section */

/* Begin XCBuildConfiguration section */
		A7B1BA6D185610A300684D17 /* Debug */ = {
			isa = XCBuildConfiguration;
			buildSettings = {
				ALWAYS_SEARCH_USER_PATHS = NO;
				ARCHS = "$(ARCHS_STANDARD_INCLUDING_64_BIT)";
				CLANG_CXX_LANGUAGE_STANDARD = "gnu++0x";
				CLANG_CXX_LIBRARY = "libc++";
				CLANG_ENABLE_MODULES = YES;
				CLANG_ENABLE_OBJC_ARC = YES;
				CLANG_WARN_BOOL_CONVERSION = YES;
				CLANG_WARN_CONSTANT_CONVERSION = YES;
				CLANG_WARN_DIRECT_OBJC_ISA_USAGE = YES_ERROR;
				CLANG_WARN_EMPTY_BODY = YES;
				CLANG_WARN_ENUM_CONVERSION = YES;
				CLANG_WARN_INT_CONVERSION = YES;
				CLANG_WARN_OBJC_ROOT_CLASS = YES_ERROR;
				CLANG_WARN__DUPLICATE_METHOD_MATCH = YES;
				"CODE_SIGN_IDENTITY[sdk=iphoneos*]" = "iPhone Developer";
				COPY_PHASE_STRIP = NO;
				GCC_C_LANGUAGE_STANDARD = gnu99;
				GCC_DYNAMIC_NO_PIC = NO;
				GCC_OPTIMIZATION_LEVEL = 0;
				GCC_PREPROCESSOR_DEFINITIONS = (
					"DEBUG=1",
					"$(inherited)",
				);
				GCC_SYMBOLS_PRIVATE_EXTERN = NO;
				GCC_WARN_64_TO_32_BIT_CONVERSION = YES;
				GCC_WARN_ABOUT_RETURN_TYPE = YES_ERROR;
				GCC_WARN_UNDECLARED_SELECTOR = YES;
				GCC_WARN_UNINITIALIZED_AUTOS = YES;
				GCC_WARN_UNUSED_FUNCTION = YES;
				GCC_WARN_UNUSED_VARIABLE = YES;
				IPHONEOS_DEPLOYMENT_TARGET = 7.0;
				ONLY_ACTIVE_ARCH = YES;
				SDKROOT = iphoneos;
				TARGETED_DEVICE_FAMILY = "1,2";
			};
			name = Debug;
		};
		A7B1BA6E185610A300684D17 /* Release */ = {
			isa = XCBuildConfiguration;
			buildSettings = {
				ALWAYS_SEARCH_USER_PATHS = NO;
				ARCHS = "$(ARCHS_STANDARD_INCLUDING_64_BIT)";
				CLANG_CXX_LANGUAGE_STANDARD = "gnu++0x";
				CLANG_CXX_LIBRARY = "libc++";
				CLANG_ENABLE_MODULES = YES;
				CLANG_ENABLE_OBJC_ARC = YES;
				CLANG_WARN_BOOL_CONVERSION = YES;
				CLANG_WARN_CONSTANT_CONVERSION = YES;
				CLANG_WARN_DIRECT_OBJC_ISA_USAGE = YES_ERROR;
				CLANG_WARN_EMPTY_BODY = YES;
				CLANG_WARN_ENUM_CONVERSION = YES;
				CLANG_WARN_INT_CONVERSION = YES;
				CLANG_WARN_OBJC_ROOT_CLASS = YES_ERROR;
				CLANG_WARN__DUPLICATE_METHOD_MATCH = YES;
				"CODE_SIGN_IDENTITY[sdk=iphoneos*]" = "iPhone Developer";
				COPY_PHASE_STRIP = YES;
				ENABLE_NS_ASSERTIONS = NO;
				GCC_C_LANGUAGE_STANDARD = gnu99;
				GCC_WARN_64_TO_32_BIT_CONVERSION = YES;
				GCC_WARN_ABOUT_RETURN_TYPE = YES_ERROR;
				GCC_WARN_UNDECLARED_SELECTOR = YES;
				GCC_WARN_UNINITIALIZED_AUTOS = YES;
				GCC_WARN_UNUSED_FUNCTION = YES;
				GCC_WARN_UNUSED_VARIABLE = YES;
				IPHONEOS_DEPLOYMENT_TARGET = 7.0;
				SDKROOT = iphoneos;
				TARGETED_DEVICE_FAMILY = "1,2";
				VALIDATE_PRODUCT = YES;
			};
			name = Release;
		};
		A7B1BA70185610A300684D17 /* Debug */ = {
			isa = XCBuildConfiguration;
			buildSettings = {
				ASSETCATALOG_COMPILER_APPICON_NAME = AppIcon;
				ASSETCATALOG_COMPILER_LAUNCHIMAGE_NAME = LaunchImage;
				GCC_PRECOMPILE_PREFIX_HEADER = YES;
				GCC_PREFIX_HEADER = "UIDynamics Demo/UIDynamics Demo-Prefix.pch";
				INFOPLIST_FILE = "UIDynamics Demo/UIDynamics Demo-Info.plist";
				PRODUCT_NAME = "$(TARGET_NAME)";
				WRAPPER_EXTENSION = app;
			};
			name = Debug;
		};
		A7B1BA71185610A300684D17 /* Release */ = {
			isa = XCBuildConfiguration;
			buildSettings = {
				ASSETCATALOG_COMPILER_APPICON_NAME = AppIcon;
				ASSETCATALOG_COMPILER_LAUNCHIMAGE_NAME = LaunchImage;
				GCC_PRECOMPILE_PREFIX_HEADER = YES;
				GCC_PREFIX_HEADER = "UIDynamics Demo/UIDynamics Demo-Prefix.pch";
				INFOPLIST_FILE = "UIDynamics Demo/UIDynamics Demo-Info.plist";
				PRODUCT_NAME = "$(TARGET_NAME)";
				WRAPPER_EXTENSION = app;
			};
			name = Release;
		};
		A7B1BA73185610A400684D17 /* Debug */ = {
			isa = XCBuildConfiguration;
			buildSettings = {
				ARCHS = "$(ARCHS_STANDARD_INCLUDING_64_BIT)";
				BUNDLE_LOADER = "$(BUILT_PRODUCTS_DIR)/UIDynamics Demo.app/UIDynamics Demo";
				FRAMEWORK_SEARCH_PATHS = (
					"$(SDKROOT)/Developer/Library/Frameworks",
					"$(inherited)",
					"$(DEVELOPER_FRAMEWORKS_DIR)",
				);
				GCC_PRECOMPILE_PREFIX_HEADER = YES;
				GCC_PREFIX_HEADER = "UIDynamics Demo/UIDynamics Demo-Prefix.pch";
				GCC_PREPROCESSOR_DEFINITIONS = (
					"DEBUG=1",
					"$(inherited)",
				);
				INFOPLIST_FILE = "UIDynamics DemoTests/UIDynamics DemoTests-Info.plist";
				PRODUCT_NAME = "$(TARGET_NAME)";
				TEST_HOST = "$(BUNDLE_LOADER)";
				WRAPPER_EXTENSION = xctest;
			};
			name = Debug;
		};
		A7B1BA74185610A400684D17 /* Release */ = {
			isa = XCBuildConfiguration;
			buildSettings = {
				ARCHS = "$(ARCHS_STANDARD_INCLUDING_64_BIT)";
				BUNDLE_LOADER = "$(BUILT_PRODUCTS_DIR)/UIDynamics Demo.app/UIDynamics Demo";
				FRAMEWORK_SEARCH_PATHS = (
					"$(SDKROOT)/Developer/Library/Frameworks",
					"$(inherited)",
					"$(DEVELOPER_FRAMEWORKS_DIR)",
				);
				GCC_PRECOMPILE_PREFIX_HEADER = YES;
				GCC_PREFIX_HEADER = "UIDynamics Demo/UIDynamics Demo-Prefix.pch";
				INFOPLIST_FILE = "UIDynamics DemoTests/UIDynamics DemoTests-Info.plist";
				PRODUCT_NAME = "$(TARGET_NAME)";
				TEST_HOST = "$(BUNDLE_LOADER)";
				WRAPPER_EXTENSION = xctest;
			};
			name = Release;
		};
/* End XCBuildConfiguration section */

/* Begin XCConfigurationList section */
		A7B1BA32185610A300684D17 /* Build configuration list for PBXProject "UIDynamics Demo" */ = {
			isa = XCConfigurationList;
			buildConfigurations = (
				A7B1BA6D185610A300684D17 /* Debug */,
				A7B1BA6E185610A300684D17 /* Release */,
			);
			defaultConfigurationIsVisible = 0;
			defaultConfigurationName = Release;
		};
		A7B1BA6F185610A300684D17 /* Build configuration list for PBXNativeTarget "UIDynamics Demo" */ = {
			isa = XCConfigurationList;
			buildConfigurations = (
				A7B1BA70185610A300684D17 /* Debug */,
				A7B1BA71185610A300684D17 /* Release */,
			);
			defaultConfigurationIsVisible = 0;
			defaultConfigurationName = Release;
		};
		A7B1BA72185610A400684D17 /* Build configuration list for PBXNativeTarget "UIDynamics DemoTests" */ = {
			isa = XCConfigurationList;
			buildConfigurations = (
				A7B1BA73185610A400684D17 /* Debug */,
				A7B1BA74185610A400684D17 /* Release */,
			);
			defaultConfigurationIsVisible = 0;
			defaultConfigurationName = Release;
		};
/* End XCConfigurationList section */
	};
	rootObject = A7B1BA2F185610A300684D17 /* Project object */;
}
